
Microsoft Visual Studio Solution File, Format Version 12.00
# Visual Studio 14
VisualStudioVersion = 14.0.23107.0
MinimumVisualStudioVersion = 10.0.40219.1
Project("{FAE04EC0-301F-11D3-BF4B-00C04F79EFBC}") = "MSSQLTasks", "MSSQLTasks\MSSQLTasks.csproj", "{C2CDE087-663E-4A5D-BD6E-2CFF8008439B}"
EndProject
Project("{FAE04EC0-301F-11D3-BF4B-00C04F79EFBC}") = "MySQLTasks", "MySQLTasks\MySQLTasks.csproj", "{F7DB0679-F821-41BB-9D40-3CF16266659A}"
EndProject
Project("{FAE04EC0-301F-11D3-BF4B-00C04F79EFBC}") = "SQLLite", "SQLLite\SQLLite.csproj", "{D4A9C4AC-2A78-4D57-98D4-8620B839A8D2}"
EndProject
Global
	GlobalSection(SolutionConfigurationPlatforms) = preSolution
		Debug|Any CPU = Debug|Any CPU
		Release|Any CPU = Release|Any CPU
	EndGlobalSection
	GlobalSection(ProjectConfigurationPlatforms) = postSolution
		{C2CDE087-663E-4A5D-BD6E-2CFF8008439B}.Debug|Any CPU.ActiveCfg = Debug|Any CPU
		{C2CDE087-663E-4A5D-BD6E-2CFF8008439B}.Debug|Any CPU.Build.0 = Debug|Any CPU
		{C2CDE087-663E-4A5D-BD6E-2CFF8008439B}.Release|Any CPU.ActiveCfg = Release|Any CPU
		{C2CDE087-663E-4A5D-BD6E-2CFF8008439B}.Release|Any CPU.Build.0 = Release|Any CPU
		{F7DB0679-F821-41BB-9D40-3CF16266659A}.Debug|Any CPU.ActiveCfg = Debug|Any CPU
		{F7DB0679-F821-41BB-9D40-3CF16266659A}.Debug|Any CPU.Build.0 = Debug|Any CPU
		{F7DB0679-F821-41BB-9D40-3CF16266659A}.Release|Any CPU.ActiveCfg = Release|Any CPU
		{F7DB0679-F821-41BB-9D40-3CF16266659A}.Release|Any CPU.Build.0 = Release|Any CPU
		{D4A9C4AC-2A78-4D57-98D4-8620B839A8D2}.Debug|Any CPU.ActiveCfg = Debug|Any CPU
		{D4A9C4AC-2A78-4D57-98D4-8620B839A8D2}.Debug|Any CPU.Build.0 = Debug|Any CPU
		{D4A9C4AC-2A78-4D57-98D4-8620B839A8D2}.Release|Any CPU.ActiveCfg = Release|Any CPU
		{D4A9C4AC-2A78-4D57-98D4-8620B839A8D2}.Release|Any CPU.Build.0 = Release|Any CPU
	EndGlobalSection
	GlobalSection(SolutionProperties) = preSolution
		HideSolutionNode = FALSE
	EndGlobalSection
EndGlobal
